{
  "version": 4,
  "terraform_version": "1.0.0",
  "serial": 6,
  "lineage": "eea6d74d-c3cf-d3f2-fc0b-1ca64a753d7d",
  "outputs": {},
  "resources": [
    {
      "mode": "managed",
      "type": "aws_key_pair",
      "name": "microservices-demo-key",
      "provider": "provider[\"registry.terraform.io/hashicorp/aws\"]",
      "instances": [
        {
          "schema_version": 1,
          "attributes": {
            "arn": "arn:aws:ec2:us-west-2:585655980596:key-pair/microservices-demo-key",
            "fingerprint": "6f:97:03:fd:6d:41:79:50:cb:83:c3:7c:6c:c1:7a:53",
            "id": "microservices-demo-key",
            "key_name": "microservices-demo-key",
            "key_name_prefix": null,
            "key_pair_id": "key-06823e24450e3fb49",
            "public_key": "ssh-rsa AAAAB3NzaC1yc2EAAAADAQABAAACAQCub98OHw7k8It2noBdOQA+J2q+y/NY02swkJDav3AjoBaX3pchaWKf24m4A0RuXry9fDhWOafb2p93xJBWUdYVpoJfRXYfAPlYoeV/3YPwLPfItqIsDx/p8CQck/CKqRDxFADOrC0CusxOFEO69TVR84sRCAseHkmfP4o+szLurGgmsHGsQ7Q4VdAMc03roRr2VLCbGXNkF6nQ85OvkqZ2QYIcxJDOaDUPKAfov3JPVRKydccob2767XfowI8MkhatLUqG+zewwdF87YmouVTSBORNHAalZNnL73qFi25YM4idFHmQiIbOa52pXTVUL0CI7+mBFbZDrrL92TD8WT8UmIQWhdRRU8ZYZ1lpVGeMfHqODm1b82pk9Kxbd/+VA2e6Ef5B6tE4Xcdb82ChoyQGf5MiqLunid4BFnUBAlVZINyx3msGPiuB7D7EahN0UTH0h/X7UM9B78pdR8wBwiwpBSER/lq+9WTCHU9qyat5JVl5gZFNCTtf5LSgsVvfuDuTcF+w03AT4bcaXIUTvfMGD7/6zI40VF136PFtRaVH/+wG1rTfBR54gQRsakWiIgiVh+4p23SeoVWrg3mnYCt+1DQh+RGLgSZiSjnsIuWHB3rUSgWc2YOhughkkVCjlAPkoksm/D71gxXL5EgJio4x4ckSAc1Ueoo+4yG6qjabew== callegari@Fabios-MacBook-Pro.local",
            "tags": {},
            "tags_all": {}
          },
          "sensitive_attributes": [],
          "private": "eyJzY2hlbWFfdmVyc2lvbiI6IjEifQ=="
        }
      ]
    },
    {
      "module": "module.test-server",
      "mode": "managed",
      "type": "aws_instance",
      "name": "default",
      "provider": "provider[\"registry.terraform.io/hashicorp/aws\"]",
      "instances": [
        {
          "schema_version": 1,
          "attributes": {
            "ami": "ami-0800fc0fa715fdcfe",
            "arn": "arn:aws:ec2:us-west-2:585655980596:instance/i-08e7531ae9644bce0",
            "associate_public_ip_address": true,
            "availability_zone": "us-west-2b",
            "capacity_reservation_specification": [
              {
                "capacity_reservation_preference": "open",
                "capacity_reservation_target": []
              }
            ],
            "cpu_core_count": 1,
            "cpu_threads_per_core": 1,
            "credit_specification": [
              {
                "cpu_credits": "standard"
              }
            ],
            "disable_api_termination": false,
            "ebs_block_device": [],
            "ebs_optimized": false,
            "enclave_options": [
              {
                "enabled": false
              }
            ],
            "ephemeral_block_device": [],
            "get_password_data": false,
            "hibernation": false,
            "host_id": null,
            "iam_instance_profile": "",
            "id": "i-08e7531ae9644bce0",
            "instance_initiated_shutdown_behavior": "stop",
            "instance_state": "running",
            "instance_type": "t2.micro",
            "ipv6_address_count": 0,
            "ipv6_addresses": [],
            "key_name": "microservices-demo-key",
            "metadata_options": [
              {
                "http_endpoint": "enabled",
                "http_put_response_hop_limit": 1,
                "http_tokens": "optional"
              }
            ],
            "monitoring": false,
            "network_interface": [],
            "outpost_arn": "",
            "password_data": "",
            "placement_group": "",
            "primary_network_interface_id": "eni-061867d44e7fa3a49",
            "private_dns": "ip-172-31-31-124.us-west-2.compute.internal",
            "private_ip": "172.31.31.124",
            "public_dns": "ec2-52-39-218-31.us-west-2.compute.amazonaws.com",
            "public_ip": "52.39.218.31",
            "root_block_device": [
              {
                "delete_on_termination": true,
                "device_name": "/dev/xvda",
                "encrypted": false,
                "iops": 100,
                "kms_key_id": "",
                "tags": {},
                "throughput": 0,
                "volume_id": "vol-000a24a35947d7404",
                "volume_size": 8,
                "volume_type": "gp2"
              }
            ],
            "secondary_private_ips": [],
            "security_groups": [
              "default"
            ],
            "source_dest_check": true,
            "subnet_id": "subnet-4a71fc32",
            "tags": {
              "Name": "Test Server"
            },
            "tags_all": {
              "Name": "Test Server"
            },
            "tenancy": "default",
            "timeouts": null,
            "user_data": "6e62f2c621866b1da1ccb5c6ff5c3bc1a1a84e68",
            "user_data_base64": null,
            "volume_tags": null,
            "vpc_security_group_ids": [
              "sg-3496b607"
            ]
          },
          "sensitive_attributes": [],
          "private": "eyJlMmJmYjczMC1lY2FhLTExZTYtOGY4OC0zNDM2M2JjN2M0YzAiOnsiY3JlYXRlIjo2MDAwMDAwMDAwMDAsImRlbGV0ZSI6MTIwMDAwMDAwMDAwMCwidXBkYXRlIjo2MDAwMDAwMDAwMDB9LCJzY2hlbWFfdmVyc2lvbiI6IjEifQ==",
          "dependencies": [
            "aws_key_pair.microservices-demo-key"
          ]
        }
      ]
    }
  ]
}
